{
  "name": "wiki-backend",
  "lockfileVersion": 3,
  "requires": true,
  "packages": {
    "": {
      "dependencies": {
        "bogus": "^1.0.0"
      }
    },
    "node_modules/bogus": {
      "version": "1.0.0",
      "resolved": "https://registry.npmjs.org/bogus/-/bogus-1.0.0.tgz",
      "integrity": "sha512-m6GYtui6/Z+BbVKP8CaOpH9IB6J+omOu8G8rDPyVftn9PkTZITHep0jRVsYkmtjuGT9Ch1D+m123LVmj9Tujew=="
    }
  }
}
