
Microsoft Visual Studio Solution File, Format Version 12.00
Project("{FAE04EC0-301F-11D3-BF4B-00C04F79EFBC}") = "wiki-backend", "wiki-backend\wiki-backend.csproj", "{7F4EAD90-85EE-4E19-BBBA-9B84FC13E1FE}"
EndProject
Global
	GlobalSection(SolutionConfigurationPlatforms) = preSolution
		Debug|Any CPU = Debug|Any CPU
		Release|Any CPU = Release|Any CPU
	EndGlobalSection
	GlobalSection(ProjectConfigurationPlatforms) = postSolution
		{7F4EAD90-85EE-4E19-BBBA-9B84FC13E1FE}.Debug|Any CPU.ActiveCfg = Debug|Any CPU
		{7F4EAD90-85EE-4E19-BBBA-9B84FC13E1FE}.Debug|Any CPU.Build.0 = Debug|Any CPU
		{7F4EAD90-85EE-4E19-BBBA-9B84FC13E1FE}.Release|Any CPU.ActiveCfg = Release|Any CPU
		{7F4EAD90-85EE-4E19-BBBA-9B84FC13E1FE}.Release|Any CPU.Build.0 = Release|Any CPU
	EndGlobalSection
EndGlobal
