
Microsoft Visual Studio Solution File, Format Version 12.00
Project("{FAE04EC0-301F-11D3-BF4B-00C04F79EFBC}") = "wiki-backend", "wiki-backend\wiki-backend.csproj", "{7F4EAD90-85EE-4E19-BBBA-9B84FC13E1FE}"
EndProject
Project("{FAE04EC0-301F-11D3-BF4B-00C04F79EFBC}") = "UnitTests", "..\WikiPOC.Tests\UnitTests\UnitTests.csproj", "{5713A216-479F-47A2-8206-AFD89593FD57}"
EndProject
Project("{FAE04EC0-301F-11D3-BF4B-00C04F79EFBC}") = "IntegrationTests", "IntegrationTests\IntegrationTests.csproj", "{A71C2DE0-33E4-4E84-BB03-ABEDBF29C159}"
EndProject
Project("{FAE04EC0-301F-11D3-BF4B-00C04F79EFBC}") = "UnitTests", "UnitTests\UnitTests.csproj", "{712762DE-41B8-46A7-8E9C-970D1039A0C2}"
EndProject
Global
	GlobalSection(SolutionConfigurationPlatforms) = preSolution
		Debug|Any CPU = Debug|Any CPU
		Release|Any CPU = Release|Any CPU
	EndGlobalSection
	GlobalSection(ProjectConfigurationPlatforms) = postSolution
		{7F4EAD90-85EE-4E19-BBBA-9B84FC13E1FE}.Debug|Any CPU.ActiveCfg = Debug|Any CPU
		{7F4EAD90-85EE-4E19-BBBA-9B84FC13E1FE}.Debug|Any CPU.Build.0 = Debug|Any CPU
		{7F4EAD90-85EE-4E19-BBBA-9B84FC13E1FE}.Release|Any CPU.ActiveCfg = Release|Any CPU
		{7F4EAD90-85EE-4E19-BBBA-9B84FC13E1FE}.Release|Any CPU.Build.0 = Release|Any CPU
		{5713A216-479F-47A2-8206-AFD89593FD57}.Debug|Any CPU.ActiveCfg = Debug|Any CPU
		{5713A216-479F-47A2-8206-AFD89593FD57}.Debug|Any CPU.Build.0 = Debug|Any CPU
		{5713A216-479F-47A2-8206-AFD89593FD57}.Release|Any CPU.ActiveCfg = Release|Any CPU
		{5713A216-479F-47A2-8206-AFD89593FD57}.Release|Any CPU.Build.0 = Release|Any CPU
		{A71C2DE0-33E4-4E84-BB03-ABEDBF29C159}.Debug|Any CPU.ActiveCfg = Debug|Any CPU
		{A71C2DE0-33E4-4E84-BB03-ABEDBF29C159}.Debug|Any CPU.Build.0 = Debug|Any CPU
		{A71C2DE0-33E4-4E84-BB03-ABEDBF29C159}.Release|Any CPU.ActiveCfg = Release|Any CPU
		{A71C2DE0-33E4-4E84-BB03-ABEDBF29C159}.Release|Any CPU.Build.0 = Release|Any CPU
		{712762DE-41B8-46A7-8E9C-970D1039A0C2}.Debug|Any CPU.ActiveCfg = Debug|Any CPU
		{712762DE-41B8-46A7-8E9C-970D1039A0C2}.Debug|Any CPU.Build.0 = Debug|Any CPU
		{712762DE-41B8-46A7-8E9C-970D1039A0C2}.Release|Any CPU.ActiveCfg = Release|Any CPU
		{712762DE-41B8-46A7-8E9C-970D1039A0C2}.Release|Any CPU.Build.0 = Release|Any CPU
	EndGlobalSection
EndGlobal
